
Microsoft Visual Studio Solution File, Format Version 12.00
# Visual Studio 2013
VisualStudioVersion = 12.0.21005.1
MinimumVisualStudioVersion = 10.0.40219.1
Project("{FAE04EC0-301F-11D3-BF4B-00C04F79EFBC}") = "CodeSnippet", "CodeSnippet\CodeSnippet.csproj", "{86AAF2B9-9780-4A32-B465-6A3EE923C04B}"
EndProject
Project("{FAE04EC0-301F-11D3-BF4B-00C04F79EFBC}") = "Lib", "Lib\Lib.csproj", "{AE88DA67-372E-4AD3-B99F-081F26DCDBE7}"
EndProject
Project("{FAE04EC0-301F-11D3-BF4B-00C04F79EFBC}") = "BLL", "BLL\BLL.csproj", "{C4C2870F-D045-4AF0-B62F-850ADB559EC1}"
EndProject
Project("{FAE04EC0-301F-11D3-BF4B-00C04F79EFBC}") = "Entity", "Entity\Entity.csproj", "{08DB488D-1224-4062-82B8-B54A614394B9}"
EndProject
Global
	GlobalSection(SolutionConfigurationPlatforms) = preSolution
		Debug|Any CPU = Debug|Any CPU
		Release|Any CPU = Release|Any CPU
	EndGlobalSection
	GlobalSection(ProjectConfigurationPlatforms) = postSolution
		{86AAF2B9-9780-4A32-B465-6A3EE923C04B}.Debug|Any CPU.ActiveCfg = Debug|Any CPU
		{86AAF2B9-9780-4A32-B465-6A3EE923C04B}.Debug|Any CPU.Build.0 = Debug|Any CPU
		{86AAF2B9-9780-4A32-B465-6A3EE923C04B}.Release|Any CPU.ActiveCfg = Release|Any CPU
		{86AAF2B9-9780-4A32-B465-6A3EE923C04B}.Release|Any CPU.Build.0 = Release|Any CPU
		{AE88DA67-372E-4AD3-B99F-081F26DCDBE7}.Debug|Any CPU.ActiveCfg = Debug|Any CPU
		{AE88DA67-372E-4AD3-B99F-081F26DCDBE7}.Debug|Any CPU.Build.0 = Debug|Any CPU
		{AE88DA67-372E-4AD3-B99F-081F26DCDBE7}.Release|Any CPU.ActiveCfg = Release|Any CPU
		{AE88DA67-372E-4AD3-B99F-081F26DCDBE7}.Release|Any CPU.Build.0 = Release|Any CPU
		{C4C2870F-D045-4AF0-B62F-850ADB559EC1}.Debug|Any CPU.ActiveCfg = Debug|Any CPU
		{C4C2870F-D045-4AF0-B62F-850ADB559EC1}.Debug|Any CPU.Build.0 = Debug|Any CPU
		{C4C2870F-D045-4AF0-B62F-850ADB559EC1}.Release|Any CPU.ActiveCfg = Release|Any CPU
		{C4C2870F-D045-4AF0-B62F-850ADB559EC1}.Release|Any CPU.Build.0 = Release|Any CPU
		{08DB488D-1224-4062-82B8-B54A614394B9}.Debug|Any CPU.ActiveCfg = Debug|Any CPU
		{08DB488D-1224-4062-82B8-B54A614394B9}.Debug|Any CPU.Build.0 = Debug|Any CPU
		{08DB488D-1224-4062-82B8-B54A614394B9}.Release|Any CPU.ActiveCfg = Release|Any CPU
		{08DB488D-1224-4062-82B8-B54A614394B9}.Release|Any CPU.Build.0 = Release|Any CPU
	EndGlobalSection
	GlobalSection(SolutionProperties) = preSolution
		HideSolutionNode = FALSE
	EndGlobalSection
EndGlobal
